// !$*UTF8*$!
{
	archiveVersion = 1;
	classes = {
	};
	objectVersion = 46;
	objects = {

/* Begin PBXBuildFile section */
		C5295FDF18C03DBF005C3CD2 /* Foundation.framework in Frameworks */ = {isa = PBXBuildFile; fileRef = C5295FDE18C03DBF005C3CD2 /* Foundation.framework */; };
		C5295FE118C03DBF005C3CD2 /* CoreGraphics.framework in Frameworks */ = {isa = PBXBuildFile; fileRef = C5295FE018C03DBF005C3CD2 /* CoreGraphics.framework */; };
		C5295FE318C03DBF005C3CD2 /* UIKit.framework in Frameworks */ = {isa = PBXBuildFile; fileRef = C5295FE218C03DBF005C3CD2 /* UIKit.framework */; };
		C5295FE918C03DBF005C3CD2 /* InfoPlist.strings in Resources */ = {isa = PBXBuildFile; fileRef = C5295FE718C03DBF005C3CD2 /* InfoPlist.strings */; };
		C5295FEB18C03DBF005C3CD2 /* main.m in Sources */ = {isa = PBXBuildFile; fileRef = C5295FEA18C03DBF005C3CD2 /* main.m */; };
		C5295FEF18C03DBF005C3CD2 /* uploadPhotoAppDelegate.m in Sources */ = {isa = PBXBuildFile; fileRef = C5295FEE18C03DBF005C3CD2 /* uploadPhotoAppDelegate.m */; };
		C5295FF118C03DBF005C3CD2 /* Images.xcassets in Resources */ = {isa = PBXBuildFile; fileRef = C5295FF018C03DBF005C3CD2 /* Images.xcassets */; };
		C5295FF818C03DBF005C3CD2 /* XCTest.framework in Frameworks */ = {isa = PBXBuildFile; fileRef = C5295FF718C03DBF005C3CD2 /* XCTest.framework */; };
		C5295FF918C03DBF005C3CD2 /* Foundation.framework in Frameworks */ = {isa = PBXBuildFile; fileRef = C5295FDE18C03DBF005C3CD2 /* Foundation.framework */; };
		C5295FFA18C03DBF005C3CD2 /* UIKit.framework in Frameworks */ = {isa = PBXBuildFile; fileRef = C5295FE218C03DBF005C3CD2 /* UIKit.framework */; };
		C529600218C03DBF005C3CD2 /* InfoPlist.strings in Resources */ = {isa = PBXBuildFile; fileRef = C529600018C03DBF005C3CD2 /* InfoPlist.strings */; };
		C529600418C03DBF005C3CD2 /* uploadPhotoTests.m in Sources */ = {isa = PBXBuildFile; fileRef = C529600318C03DBF005C3CD2 /* uploadPhotoTests.m */; };
/* End PBXBuildFile section */

/* Begin PBXContainerItemProxy section */
		C5295FFB18C03DBF005C3CD2 /* PBXContainerItemProxy */ = {
			isa = PBXContainerItemProxy;
			containerPortal = C5295FD318C03DBF005C3CD2 /* Project object */;
			proxyType = 1;
			remoteGlobalIDString = C5295FDA18C03DBF005C3CD2;
			remoteInfo = uploadPhoto;
		};
/* End PBXContainerItemProxy section */

/* Begin PBXFileReference section */
		C5295FDB18C03DBF005C3CD2 /* uploadPhoto.app */ = {isa = PBXFileReference; explicitFileType = wrapper.application; includeInIndex = 0; path = uploadPhoto.app; sourceTree = BUILT_PRODUCTS_DIR; };
		C5295FDE18C03DBF005C3CD2 /* Foundation.framework */ = {isa = PBXFileReference; lastKnownFileType = wrapper.framework; name = Foundation.framework; path = System/Library/Frameworks/Foundation.framework; sourceTree = SDKROOT; };
		C5295FE018C03DBF005C3CD2 /* CoreGraphics.framework */ = {isa = PBXFileReference; lastKnownFileType = wrapper.framework; name = CoreGraphics.framework; path = System/Library/Frameworks/CoreGraphics.framework; sourceTree = SDKROOT; };
		C5295FE218C03DBF005C3CD2 /* UIKit.framework */ = {isa = PBXFileReference; lastKnownFileType = wrapper.framework; name = UIKit.framework; path = System/Library/Frameworks/UIKit.framework; sourceTree = SDKROOT; };
		C5295FE618C03DBF005C3CD2 /* uploadPhoto-Info.plist */ = {isa = PBXFileReference; lastKnownFileType = text.plist.xml; path = "uploadPhoto-Info.plist"; sourceTree = "<group>"; };
		C5295FE818C03DBF005C3CD2 /* en */ = {isa = PBXFileReference; lastKnownFileType = text.plist.strings; name = en; path = en.lproj/InfoPlist.strings; sourceTree = "<group>"; };
		C5295FEA18C03DBF005C3CD2 /* main.m */ = {isa = PBXFileReference; lastKnownFileType = sourcecode.c.objc; path = main.m; sourceTree = "<group>"; };
		C5295FEC18C03DBF005C3CD2 /* uploadPhoto-Prefix.pch */ = {isa = PBXFileReference; lastKnownFileType = sourcecode.c.h; path = "uploadPhoto-Prefix.pch"; sourceTree = "<group>"; };
		C5295FED18C03DBF005C3CD2 /* uploadPhotoAppDelegate.h */ = {isa = PBXFileReference; lastKnownFileType = sourcecode.c.h; path = uploadPhotoAppDelegate.h; sourceTree = "<group>"; };
		C5295FEE18C03DBF005C3CD2 /* uploadPhotoAppDelegate.m */ = {isa = PBXFileReference; lastKnownFileType = sourcecode.c.objc; path = uploadPhotoAppDelegate.m; sourceTree = "<group>"; };
		C5295FF018C03DBF005C3CD2 /* Images.xcassets */ = {isa = PBXFileReference; lastKnownFileType = folder.assetcatalog; path = Images.xcassets; sourceTree = "<group>"; };
		C5295FF618C03DBF005C3CD2 /* uploadPhotoTests.xctest */ = {isa = PBXFileReference; explicitFileType = wrapper.cfbundle; includeInIndex = 0; path = uploadPhotoTests.xctest; sourceTree = BUILT_PRODUCTS_DIR; };
		C5295FF718C03DBF005C3CD2 /* XCTest.framework */ = {isa = PBXFileReference; lastKnownFileType = wrapper.framework; name = XCTest.framework; path = Library/Frameworks/XCTest.framework; sourceTree = DEVELOPER_DIR; };
		C5295FFF18C03DBF005C3CD2 /* uploadPhotoTests-Info.plist */ = {isa = PBXFileReference; lastKnownFileType = text.plist.xml; path = "uploadPhotoTests-Info.plist"; sourceTree = "<group>"; };
		C529600118C03DBF005C3CD2 /* en */ = {isa = PBXFileReference; lastKnownFileType = text.plist.strings; name = en; path = en.lproj/InfoPlist.strings; sourceTree = "<group>"; };
		C529600318C03DBF005C3CD2 /* uploadPhotoTests.m */ = {isa = PBXFileReference; lastKnownFileType = sourcecode.c.objc; path = uploadPhotoTests.m; sourceTree = "<group>"; };
/* End PBXFileReference section */

/* Begin PBXFrameworksBuildPhase section */
		C5295FD818C03DBF005C3CD2 /* Frameworks */ = {
			isa = PBXFrameworksBuildPhase;
			buildActionMask = 2147483647;
			files = (
				C5295FE118C03DBF005C3CD2 /* CoreGraphics.framework in Frameworks */,
				C5295FE318C03DBF005C3CD2 /* UIKit.framework in Frameworks */,
				C5295FDF18C03DBF005C3CD2 /* Foundation.framework in Frameworks */,
			);
			runOnlyForDeploymentPostprocessing = 0;
		};
		C5295FF318C03DBF005C3CD2 /* Frameworks */ = {
			isa = PBXFrameworksBuildPhase;
			buildActionMask = 2147483647;
			files = (
				C5295FF818C03DBF005C3CD2 /* XCTest.framework in Frameworks */,
				C5295FFA18C03DBF005C3CD2 /* UIKit.framework in Frameworks */,
				C5295FF918C03DBF005C3CD2 /* Foundation.framework in Frameworks */,
			);
			runOnlyForDeploymentPostprocessing = 0;
		};
/* End PBXFrameworksBuildPhase section */

/* Begin PBXGroup section */
		C5295FD218C03DBF005C3CD2 = {
			isa = PBXGroup;
			children = (
				C5295FE418C03DBF005C3CD2 /* uploadPhoto */,
				C5295FFD18C03DBF005C3CD2 /* uploadPhotoTests */,
				C5295FDD18C03DBF005C3CD2 /* Frameworks */,
				C5295FDC18C03DBF005C3CD2 /* Products */,
			);
			sourceTree = "<group>";
		};
		C5295FDC18C03DBF005C3CD2 /* Products */ = {
			isa = PBXGroup;
			children = (
				C5295FDB18C03DBF005C3CD2 /* uploadPhoto.app */,
				C5295FF618C03DBF005C3CD2 /* uploadPhotoTests.xctest */,
			);
			name = Products;
			sourceTree = "<group>";
		};
		C5295FDD18C03DBF005C3CD2 /* Frameworks */ = {
			isa = PBXGroup;
			children = (
				C5295FDE18C03DBF005C3CD2 /* Foundation.framework */,
				C5295FE018C03DBF005C3CD2 /* CoreGraphics.framework */,
				C5295FE218C03DBF005C3CD2 /* UIKit.framework */,
				C5295FF718C03DBF005C3CD2 /* XCTest.framework */,
			);
			name = Frameworks;
			sourceTree = "<group>";
		};
		C5295FE418C03DBF005C3CD2 /* uploadPhoto */ = {
			isa = PBXGroup;
			children = (
				C5295FED18C03DBF005C3CD2 /* uploadPhotoAppDelegate.h */,
				C5295FEE18C03DBF005C3CD2 /* uploadPhotoAppDelegate.m */,
				C5295FF018C03DBF005C3CD2 /* Images.xcassets */,
				C5295FE518C03DBF005C3CD2 /* Supporting Files */,
			);
			path = uploadPhoto;
			sourceTree = "<group>";
		};
		C5295FE518C03DBF005C3CD2 /* Supporting Files */ = {
			isa = PBXGroup;
			children = (
				C5295FE618C03DBF005C3CD2 /* uploadPhoto-Info.plist */,
				C5295FE718C03DBF005C3CD2 /* InfoPlist.strings */,
				C5295FEA18C03DBF005C3CD2 /* main.m */,
				C5295FEC18C03DBF005C3CD2 /* uploadPhoto-Prefix.pch */,
			);
			name = "Supporting Files";
			sourceTree = "<group>";
		};
		C5295FFD18C03DBF005C3CD2 /* uploadPhotoTests */ = {
			isa = PBXGroup;
			children = (
				C529600318C03DBF005C3CD2 /* uploadPhotoTests.m */,
				C5295FFE18C03DBF005C3CD2 /* Supporting Files */,
			);
			path = uploadPhotoTests;
			sourceTree = "<group>";
		};
		C5295FFE18C03DBF005C3CD2 /* Supporting Files */ = {
			isa = PBXGroup;
			children = (
				C5295FFF18C03DBF005C3CD2 /* uploadPhotoTests-Info.plist */,
				C529600018C03DBF005C3CD2 /* InfoPlist.strings */,
			);
			name = "Supporting Files";
			sourceTree = "<group>";
		};
/* End PBXGroup section */

/* Begin PBXNativeTarget section */
		C5295FDA18C03DBF005C3CD2 /* uploadPhoto */ = {
			isa = PBXNativeTarget;
			buildConfigurationList = C529600718C03DBF005C3CD2 /* Build configuration list for PBXNativeTarget "uploadPhoto" */;
			buildPhases = (
				C5295FD718C03DBF005C3CD2 /* Sources */,
				C5295FD818C03DBF005C3CD2 /* Frameworks */,
				C5295FD918C03DBF005C3CD2 /* Resources */,
			);
			buildRules = (
			);
			dependencies = (
			);
			name = uploadPhoto;
			productName = uploadPhoto;
			productReference = C5295FDB18C03DBF005C3CD2 /* uploadPhoto.app */;
			productType = "com.apple.product-type.application";
		};
		C5295FF518C03DBF005C3CD2 /* uploadPhotoTests */ = {
			isa = PBXNativeTarget;
			buildConfigurationList = C529600A18C03DBF005C3CD2 /* Build configuration list for PBXNativeTarget "uploadPhotoTests" */;
			buildPhases = (
				C5295FF218C03DBF005C3CD2 /* Sources */,
				C5295FF318C03DBF005C3CD2 /* Frameworks */,
				C5295FF418C03DBF005C3CD2 /* Resources */,
			);
			buildRules = (
			);
			dependencies = (
				C5295FFC18C03DBF005C3CD2 /* PBXTargetDependency */,
			);
			name = uploadPhotoTests;
			productName = uploadPhotoTests;
			productReference = C5295FF618C03DBF005C3CD2 /* uploadPhotoTests.xctest */;
			productType = "com.apple.product-type.bundle.unit-test";
		};
/* End PBXNativeTarget section */

/* Begin PBXProject section */
		C5295FD318C03DBF005C3CD2 /* Project object */ = {
			isa = PBXProject;
			attributes = {
				CLASSPREFIX = uploadPhoto;
				LastUpgradeCheck = 0500;
				ORGANIZATIONNAME = PWC;
				TargetAttributes = {
					C5295FF518C03DBF005C3CD2 = {
						TestTargetID = C5295FDA18C03DBF005C3CD2;
					};
				};
			};
			buildConfigurationList = C5295FD618C03DBF005C3CD2 /* Build configuration list for PBXProject "uploadPhoto" */;
			compatibilityVersion = "Xcode 3.2";
			developmentRegion = English;
			hasScannedForEncodings = 0;
			knownRegions = (
				en,
			);
			mainGroup = C5295FD218C03DBF005C3CD2;
			productRefGroup = C5295FDC18C03DBF005C3CD2 /* Products */;
			projectDirPath = "";
			projectRoot = "";
			targets = (
				C5295FDA18C03DBF005C3CD2 /* uploadPhoto */,
				C5295FF518C03DBF005C3CD2 /* uploadPhotoTests */,
			);
		};
/* End PBXProject section */

/* Begin PBXResourcesBuildPhase section */
		C5295FD918C03DBF005C3CD2 /* Resources */ = {
			isa = PBXResourcesBuildPhase;
			buildActionMask = 2147483647;
			files = (
				C5295FE918C03DBF005C3CD2 /* InfoPlist.strings in Resources */,
				C5295FF118C03DBF005C3CD2 /* Images.xcassets in Resources */,
			);
			runOnlyForDeploymentPostprocessing = 0;
		};
		C5295FF418C03DBF005C3CD2 /* Resources */ = {
			isa = PBXResourcesBuildPhase;
			buildActionMask = 2147483647;
			files = (
				C529600218C03DBF005C3CD2 /* InfoPlist.strings in Resources */,
			);
			runOnlyForDeploymentPostprocessing = 0;
		};
/* End PBXResourcesBuildPhase section */

/* Begin PBXSourcesBuildPhase section */
		C5295FD718C03DBF005C3CD2 /* Sources */ = {
			isa = PBXSourcesBuildPhase;
			buildActionMask = 2147483647;
			files = (
				C5295FEF18C03DBF005C3CD2 /* uploadPhotoAppDelegate.m in Sources */,
				C5295FEB18C03DBF005C3CD2 /* main.m in Sources */,
			);
			runOnlyForDeploymentPostprocessing = 0;
		};
		C5295FF218C03DBF005C3CD2 /* Sources */ = {
			isa = PBXSourcesBuildPhase;
			buildActionMask = 2147483647;
			files = (
				C529600418C03DBF005C3CD2 /* uploadPhotoTests.m in Sources */,
			);
			runOnlyForDeploymentPostprocessing = 0;
		};
/* End PBXSourcesBuildPhase section */

/* Begin PBXTargetDependency section */
		C5295FFC18C03DBF005C3CD2 /* PBXTargetDependency */ = {
			isa = PBXTargetDependency;
			target = C5295FDA18C03DBF005C3CD2 /* uploadPhoto */;
			targetProxy = C5295FFB18C03DBF005C3CD2 /* PBXContainerItemProxy */;
		};
/* End PBXTargetDependency section */

/* Begin PBXVariantGroup section */
		C5295FE718C03DBF005C3CD2 /* InfoPlist.strings */ = {
			isa = PBXVariantGroup;
			children = (
				C5295FE818C03DBF005C3CD2 /* en */,
			);
			name = InfoPlist.strings;
			sourceTree = "<group>";
		};
		C529600018C03DBF005C3CD2 /* InfoPlist.strings */ = {
			isa = PBXVariantGroup;
			children = (
				C529600118C03DBF005C3CD2 /* en */,
			);
			name = InfoPlist.strings;
			sourceTree = "<group>";
		};
/* End PBXVariantGroup section */

/* Begin XCBuildConfiguration section */
		C529600518C03DBF005C3CD2 /* Debug */ = {
			isa = XCBuildConfiguration;
			buildSettings = {
				ALWAYS_SEARCH_USER_PATHS = NO;
				ARCHS = "$(ARCHS_STANDARD_INCLUDING_64_BIT)";
				CLANG_CXX_LANGUAGE_STANDARD = "gnu++0x";
				CLANG_CXX_LIBRARY = "libc++";
				CLANG_ENABLE_MODULES = YES;
				CLANG_ENABLE_OBJC_ARC = YES;
				CLANG_WARN_BOOL_CONVERSION = YES;
				CLANG_WARN_CONSTANT_CONVERSION = YES;
				CLANG_WARN_DIRECT_OBJC_ISA_USAGE = YES_ERROR;
				CLANG_WARN_EMPTY_BODY = YES;
				CLANG_WARN_ENUM_CONVERSION = YES;
				CLANG_WARN_INT_CONVERSION = YES;
				CLANG_WARN_OBJC_ROOT_CLASS = YES_ERROR;
				CLANG_WARN__DUPLICATE_METHOD_MATCH = YES;
				"CODE_SIGN_IDENTITY[sdk=iphoneos*]" = "iPhone Developer";
				COPY_PHASE_STRIP = NO;
				GCC_C_LANGUAGE_STANDARD = gnu99;
				GCC_DYNAMIC_NO_PIC = NO;
				GCC_OPTIMIZATION_LEVEL = 0;
				GCC_PREPROCESSOR_DEFINITIONS = (
					"DEBUG=1",
					"$(inherited)",
				);
				GCC_SYMBOLS_PRIVATE_EXTERN = NO;
				GCC_WARN_64_TO_32_BIT_CONVERSION = YES;
				GCC_WARN_ABOUT_RETURN_TYPE = YES_ERROR;
				GCC_WARN_UNDECLARED_SELECTOR = YES;
				GCC_WARN_UNINITIALIZED_AUTOS = YES;
				GCC_WARN_UNUSED_FUNCTION = YES;
				GCC_WARN_UNUSED_VARIABLE = YES;
				IPHONEOS_DEPLOYMENT_TARGET = 7.0;
				ONLY_ACTIVE_ARCH = YES;
				SDKROOT = iphoneos;
			};
			name = Debug;
		};
		C529600618C03DBF005C3CD2 /* Release */ = {
			isa = XCBuildConfiguration;
			buildSettings = {
				ALWAYS_SEARCH_USER_PATHS = NO;
				ARCHS = "$(ARCHS_STANDARD_INCLUDING_64_BIT)";
				CLANG_CXX_LANGUAGE_STANDARD = "gnu++0x";
				CLANG_CXX_LIBRARY = "libc++";
				CLANG_ENABLE_MODULES = YES;
				CLANG_ENABLE_OBJC_ARC = YES;
				CLANG_WARN_BOOL_CONVERSION = YES;
				CLANG_WARN_CONSTANT_CONVERSION = YES;
				CLANG_WARN_DIRECT_OBJC_ISA_USAGE = YES_ERROR;
				CLANG_WARN_EMPTY_BODY = YES;
				CLANG_WARN_ENUM_CONVERSION = YES;
				CLANG_WARN_INT_CONVERSION = YES;
				CLANG_WARN_OBJC_ROOT_CLASS = YES_ERROR;
				CLANG_WARN__DUPLICATE_METHOD_MATCH = YES;
				"CODE_SIGN_IDENTITY[sdk=iphoneos*]" = "iPhone Developer";
				COPY_PHASE_STRIP = YES;
				ENABLE_NS_ASSERTIONS = NO;
				GCC_C_LANGUAGE_STANDARD = gnu99;
				GCC_WARN_64_TO_32_BIT_CONVERSION = YES;
				GCC_WARN_ABOUT_RETURN_TYPE = YES_ERROR;
				GCC_WARN_UNDECLARED_SELECTOR = YES;
				GCC_WARN_UNINITIALIZED_AUTOS = YES;
				GCC_WARN_UNUSED_FUNCTION = YES;
				GCC_WARN_UNUSED_VARIABLE = YES;
				IPHONEOS_DEPLOYMENT_TARGET = 7.0;
				SDKROOT = iphoneos;
				VALIDATE_PRODUCT = YES;
			};
			name = Release;
		};
		C529600818C03DBF005C3CD2 /* Debug */ = {
			isa = XCBuildConfiguration;
			buildSettings = {
				ASSETCATALOG_COMPILER_APPICON_NAME = AppIcon;
				ASSETCATALOG_COMPILER_LAUNCHIMAGE_NAME = LaunchImage;
				GCC_PRECOMPILE_PREFIX_HEADER = YES;
				GCC_PREFIX_HEADER = "uploadPhoto/uploadPhoto-Prefix.pch";
				INFOPLIST_FILE = "uploadPhoto/uploadPhoto-Info.plist";
				PRODUCT_NAME = "$(TARGET_NAME)";
				WRAPPER_EXTENSION = app;
			};
			name = Debug;
		};
		C529600918C03DBF005C3CD2 /* Release */ = {
			isa = XCBuildConfiguration;
			buildSettings = {
				ASSETCATALOG_COMPILER_APPICON_NAME = AppIcon;
				ASSETCATALOG_COMPILER_LAUNCHIMAGE_NAME = LaunchImage;
				GCC_PRECOMPILE_PREFIX_HEADER = YES;
				GCC_PREFIX_HEADER = "uploadPhoto/uploadPhoto-Prefix.pch";
				INFOPLIST_FILE = "uploadPhoto/uploadPhoto-Info.plist";
				PRODUCT_NAME = "$(TARGET_NAME)";
				WRAPPER_EXTENSION = app;
			};
			name = Release;
		};
		C529600B18C03DBF005C3CD2 /* Debug */ = {
			isa = XCBuildConfiguration;
			buildSettings = {
				ARCHS = "$(ARCHS_STANDARD_INCLUDING_64_BIT)";
				BUNDLE_LOADER = "$(BUILT_PRODUCTS_DIR)/uploadPhoto.app/uploadPhoto";
				FRAMEWORK_SEARCH_PATHS = (
					"$(SDKROOT)/Developer/Library/Frameworks",
					"$(inherited)",
					"$(DEVELOPER_FRAMEWORKS_DIR)",
				);
				GCC_PRECOMPILE_PREFIX_HEADER = YES;
				GCC_PREFIX_HEADER = "uploadPhoto/uploadPhoto-Prefix.pch";
				GCC_PREPROCESSOR_DEFINITIONS = (
					"DEBUG=1",
					"$(inherited)",
				);
				INFOPLIST_FILE = "uploadPhotoTests/uploadPhotoTests-Info.plist";
				PRODUCT_NAME = "$(TARGET_NAME)";
				TEST_HOST = "$(BUNDLE_LOADER)";
				WRAPPER_EXTENSION = xctest;
			};
			name = Debug;
		};
		C529600C18C03DBF005C3CD2 /* Release */ = {
			isa = XCBuildConfiguration;
			buildSettings = {
				ARCHS = "$(ARCHS_STANDARD_INCLUDING_64_BIT)";
				BUNDLE_LOADER = "$(BUILT_PRODUCTS_DIR)/uploadPhoto.app/uploadPhoto";
				FRAMEWORK_SEARCH_PATHS = (
					"$(SDKROOT)/Developer/Library/Frameworks",
					"$(inherited)",
					"$(DEVELOPER_FRAMEWORKS_DIR)",
				);
				GCC_PRECOMPILE_PREFIX_HEADER = YES;
				GCC_PREFIX_HEADER = "uploadPhoto/uploadPhoto-Prefix.pch";
				INFOPLIST_FILE = "uploadPhotoTests/uploadPhotoTests-Info.plist";
				PRODUCT_NAME = "$(TARGET_NAME)";
				TEST_HOST = "$(BUNDLE_LOADER)";
				WRAPPER_EXTENSION = xctest;
			};
			name = Release;
		};
/* End XCBuildConfiguration section */

/* Begin XCConfigurationList section */
		C5295FD618C03DBF005C3CD2 /* Build configuration list for PBXProject "uploadPhoto" */ = {
			isa = XCConfigurationList;
			buildConfigurations = (
				C529600518C03DBF005C3CD2 /* Debug */,
				C529600618C03DBF005C3CD2 /* Release */,
			);
			defaultConfigurationIsVisible = 0;
			defaultConfigurationName = Release;
		};
		C529600718C03DBF005C3CD2 /* Build configuration list for PBXNativeTarget "uploadPhoto" */ = {
			isa = XCConfigurationList;
			buildConfigurations = (
				C529600818C03DBF005C3CD2 /* Debug */,
				C529600918C03DBF005C3CD2 /* Release */,
			);
			defaultConfigurationIsVisible = 0;
		};
		C529600A18C03DBF005C3CD2 /* Build configuration list for PBXNativeTarget "uploadPhotoTests" */ = {
			isa = XCConfigurationList;
			buildConfigurations = (
				C529600B18C03DBF005C3CD2 /* Debug */,
				C529600C18C03DBF005C3CD2 /* Release */,
			);
			defaultConfigurationIsVisible = 0;
		};
/* End XCConfigurationList section */
	};
	rootObject = C5295FD318C03DBF005C3CD2 /* Project object */;
}
